
Microsoft Visual Studio Solution File, Format Version 12.00
# Visual Studio 14
VisualStudioVersion = 14.0.25420.1
MinimumVisualStudioVersion = 10.0.40219.1
Project("{FAE04EC0-301F-11D3-BF4B-00C04F79EFBC}") = "Titan.Framework", "Titan.Framework\Titan.Framework.csproj", "{F0EB95CE-70A7-4D62-949D-4CFF75498F2A}"
EndProject
Project("{2150E333-8FDC-42A3-9474-1A3956D46DE8}") = "Saturn72", "Saturn72", "{DC499E4A-694D-4532-98C5-DEE61AA57292}"
EndProject
Project("{FAE04EC0-301F-11D3-BF4B-00C04F79EFBC}") = "Saturn72.Core", "..\..\submodules\saturn72\src\Core\Saturn72.Core\Saturn72.Core.csproj", "{5B21A78B-9BAA-4AC2-929D-3563B9D3C9FC}"
EndProject
Project("{FAE04EC0-301F-11D3-BF4B-00C04F79EFBC}") = "Saturn72.Core.Tests", "..\..\submodules\saturn72\src\Core\Saturn72.Core.Tests\Saturn72.Core.Tests.csproj", "{7BAB262A-0F0A-4CFD-A642-4E643E619CB3}"
EndProject
Project("{FAE04EC0-301F-11D3-BF4B-00C04F79EFBC}") = "Saturn72.Common", "..\..\submodules\saturn72\src\Common\Saturn72.Common\Saturn72.Common.csproj", "{6DE3E33E-0B13-4C57-8871-C83E1EEB8470}"
EndProject
Project("{FAE04EC0-301F-11D3-BF4B-00C04F79EFBC}") = "Saturn72.Core.Services", "..\..\submodules\saturn72\src\Core\Saturn72.Core.Services\Saturn72.Core.Services.csproj", "{D92341E7-6B28-4CDC-A024-A204D0ED670E}"
EndProject
Project("{FAE04EC0-301F-11D3-BF4B-00C04F79EFBC}") = "Saturn72.Core.Services.Impl", "..\..\submodules\saturn72\src\Core\Saturn72.Core.Services.Impl\Saturn72.Core.Services.Impl.csproj", "{BA702041-080D-459A-BCD1-37875D92C626}"
EndProject
Project("{FAE04EC0-301F-11D3-BF4B-00C04F79EFBC}") = "Saturn72.Core.Services.Impl.Tests", "..\..\submodules\saturn72\src\Core\Saturn72.Core.Services.Impl.Tests\Saturn72.Core.Services.Impl.Tests.csproj", "{AC816B2D-3B7D-49CC-8D71-2A19938087AF}"
EndProject
Project("{FAE04EC0-301F-11D3-BF4B-00C04F79EFBC}") = "Saturn72.Core.Services.Tests", "..\..\submodules\saturn72\src\Core\Saturn72.Core.Services.Tests\Saturn72.Core.Services.Tests.csproj", "{ACC0224C-2469-451B-AA44-41530E9FF36F}"
EndProject
Project("{FAE04EC0-301F-11D3-BF4B-00C04F79EFBC}") = "Titan.Framework.Tests", "Titan.Framework.Tests\Titan.Framework.Tests.csproj", "{007EB5A6-A379-4FC7-91E8-8232DFCEBE27}"
EndProject
Project("{2150E333-8FDC-42A3-9474-1A3956D46DE8}") = "Modules", "Modules", "{D8ADDAFC-FCD5-4FF9-B9B4-876F2D0E02F1}"
EndProject
Project("{FAE04EC0-301F-11D3-BF4B-00C04F79EFBC}") = "Saturn72.Module.Ioc.Autofac", "..\..\submodules\saturn72\src\Modules\Ioc\Autofac\Saturn72.Module.Ioc.Autofac\Saturn72.Module.Ioc.Autofac.csproj", "{E78561F2-234A-43BA-86B8-4F715C47BCD6}"
EndProject
Project("{FAE04EC0-301F-11D3-BF4B-00C04F79EFBC}") = "Saturn72.Module.Ioc.Autofac.Tests", "..\..\submodules\saturn72\src\Modules\Ioc\Autofac\Saturn72.Module.Autofact.Tests\Saturn72.Module.Ioc.Autofac.Tests.csproj", "{E3E17CF0-2AB6-44C3-8F7D-9EDB5FD9F05E}"
EndProject
Project("{2150E333-8FDC-42A3-9474-1A3956D46DE8}") = "SystemTests", "SystemTests", "{82057471-4AB9-4CA1-BA1A-3CCF29B68056}"
EndProject
Project("{FAE04EC0-301F-11D3-BF4B-00C04F79EFBC}") = "Titan.Framework.SystemTests", "SystemTests\Titan.Framework.SystemTests\Titan.Framework.SystemTests.csproj", "{0C8E2CDF-D18C-4AC0-9C1B-9B094132FCF9}"
EndProject
Project("{FAE04EC0-301F-11D3-BF4B-00C04F79EFBC}") = "Titan.Framework.SystemTests.Throws", "SystemTests\Titan.Framework.SystemTests.Throws\Titan.Framework.SystemTests.Throws.csproj", "{5A237788-8E3F-43F4-AD8D-9D5696261F88}"
EndProject
Project("{FAE04EC0-301F-11D3-BF4B-00C04F79EFBC}") = "Titan.Framework.SystemTests.Throws2", "SystemTests\Titan.Framework.SystemTests.Throws2\Titan.Framework.SystemTests.Throws2.csproj", "{57CD8C1A-81EA-4455-9834-9D1F28EA763A}"
EndProject
Project("{FAE04EC0-301F-11D3-BF4B-00C04F79EFBC}") = "Titan.Framework.SystemTests.Throws3", "SystemTests\Titan.Framework.SystemTests.Throws3\Titan.Framework.SystemTests.Throws3.csproj", "{75A35218-210C-40CF-8522-ED059D5CAD26}"
EndProject
Project("{FAE04EC0-301F-11D3-BF4B-00C04F79EFBC}") = "Titan.Framework.SystemTests.Throws4", "SystemTests\Titan.Framework.SystemTests.Throws4\Titan.Framework.SystemTests.Throws4.csproj", "{15C1B963-2742-4DC8-9073-831DC1FDFC50}"
EndProject
Project("{FAE04EC0-301F-11D3-BF4B-00C04F79EFBC}") = "Titan.Framework.SystemTests.Throws5", "SystemTests\Titan.Framework.SystemTests.Throw5\Titan.Framework.SystemTests.Throws5.csproj", "{38F22E95-BE7B-423D-9753-3D755AB69196}"
EndProject
Project("{FAE04EC0-301F-11D3-BF4B-00C04F79EFBC}") = "Titan.Framework.SystemTests.Throws6", "SystemTests\Titan.Framework.SystemTests.Throws6\Titan.Framework.SystemTests.Throws6.csproj", "{EF3EE10A-DDC0-4609-B7C7-D8408FCAC067}"
EndProject
Project("{FAE04EC0-301F-11D3-BF4B-00C04F79EFBC}") = "Titan.Framework.SystemTests.ThrowsOnMissingCommanders", "SystemTests\Titan.Framework.SystemTests.ThrowsOnMissingCommanders\Titan.Framework.SystemTests.ThrowsOnMissingCommanders.csproj", "{B467A68D-4702-4D5E-8EA1-82E014A36706}"
EndProject
Project("{2150E333-8FDC-42A3-9474-1A3956D46DE8}") = "SUT", "SUT", "{4E7B9AC1-32B4-475E-BED0-60727946603A}"
EndProject
Project("{FAE04EC0-301F-11D3-BF4B-00C04F79EFBC}") = "Calculator.WebApi.Host", "SUT\Calculator.WebApi.Host\Calculator.WebApi.Host.csproj", "{E984BE1E-E9CE-42B0-B6B0-24526E43B58A}"
EndProject
Project("{FAE04EC0-301F-11D3-BF4B-00C04F79EFBC}") = "Calculator.Test.Framework", "SUT\Calculator.Test.Framework\Calculator.Test.Framework.csproj", "{C6179FC6-A6B9-46D1-B10B-3F51322D047C}"
EndProject
Project("{FAE04EC0-301F-11D3-BF4B-00C04F79EFBC}") = "BasicTests", "SUT\BasicTests\BasicTests.csproj", "{F6A5E5C8-67AB-4013-A499-5120FB93BC28}"
EndProject
Project("{FAE04EC0-301F-11D3-BF4B-00C04F79EFBC}") = "Titan.Services", "Titan.Services\Titan.Services.csproj", "{74BE565E-F238-482C-9128-224A3277B0C1}"
EndProject
Project("{FAE04EC0-301F-11D3-BF4B-00C04F79EFBC}") = "Titan.Common", "Titan.Common\Titan.Common.csproj", "{0F234AD5-6EC6-4EC0-8914-AFEAD9D445CD}"
EndProject
Project("{FAE04EC0-301F-11D3-BF4B-00C04F79EFBC}") = "Titan.Common.Tests", "Titan.Common.Tests\Titan.Common.Tests.csproj", "{6C5171CD-B1EE-4210-AD3D-F4A2AC084226}"
EndProject
Project("{FAE04EC0-301F-11D3-BF4B-00C04F79EFBC}") = "Titan.Services.Tests", "Titan.Services.Tests\Titan.Services.Tests.csproj", "{1BC6B3EE-0157-482B-848F-0952BAAADCE9}"
EndProject
Project("{FAE04EC0-301F-11D3-BF4B-00C04F79EFBC}") = "Titan.Data", "Titan.Data\Titan.Data.csproj", "{2A471DFD-7B01-4B86-888D-C884B1B5271C}"
EndProject
Project("{FAE04EC0-301F-11D3-BF4B-00C04F79EFBC}") = "Titan.Data.Tests", "Titan.Data.Tests\Titan.Data.Tests.csproj", "{BE09DE42-4B59-4A90-8ACC-1A410993BEC9}"
EndProject
Global
	GlobalSection(SolutionConfigurationPlatforms) = preSolution
		Debug|Any CPU = Debug|Any CPU
		Release|Any CPU = Release|Any CPU
	EndGlobalSection
	GlobalSection(ProjectConfigurationPlatforms) = postSolution
		{F0EB95CE-70A7-4D62-949D-4CFF75498F2A}.Debug|Any CPU.ActiveCfg = Debug|Any CPU
		{F0EB95CE-70A7-4D62-949D-4CFF75498F2A}.Debug|Any CPU.Build.0 = Debug|Any CPU
		{F0EB95CE-70A7-4D62-949D-4CFF75498F2A}.Release|Any CPU.ActiveCfg = Release|Any CPU
		{F0EB95CE-70A7-4D62-949D-4CFF75498F2A}.Release|Any CPU.Build.0 = Release|Any CPU
		{5B21A78B-9BAA-4AC2-929D-3563B9D3C9FC}.Debug|Any CPU.ActiveCfg = Debug|Any CPU
		{5B21A78B-9BAA-4AC2-929D-3563B9D3C9FC}.Debug|Any CPU.Build.0 = Debug|Any CPU
		{5B21A78B-9BAA-4AC2-929D-3563B9D3C9FC}.Release|Any CPU.ActiveCfg = Release|Any CPU
		{5B21A78B-9BAA-4AC2-929D-3563B9D3C9FC}.Release|Any CPU.Build.0 = Release|Any CPU
		{7BAB262A-0F0A-4CFD-A642-4E643E619CB3}.Debug|Any CPU.ActiveCfg = Debug|Any CPU
		{7BAB262A-0F0A-4CFD-A642-4E643E619CB3}.Debug|Any CPU.Build.0 = Debug|Any CPU
		{7BAB262A-0F0A-4CFD-A642-4E643E619CB3}.Release|Any CPU.ActiveCfg = Release|Any CPU
		{7BAB262A-0F0A-4CFD-A642-4E643E619CB3}.Release|Any CPU.Build.0 = Release|Any CPU
		{6DE3E33E-0B13-4C57-8871-C83E1EEB8470}.Debug|Any CPU.ActiveCfg = Debug|Any CPU
		{6DE3E33E-0B13-4C57-8871-C83E1EEB8470}.Debug|Any CPU.Build.0 = Debug|Any CPU
		{6DE3E33E-0B13-4C57-8871-C83E1EEB8470}.Release|Any CPU.ActiveCfg = Release|Any CPU
		{6DE3E33E-0B13-4C57-8871-C83E1EEB8470}.Release|Any CPU.Build.0 = Release|Any CPU
		{D92341E7-6B28-4CDC-A024-A204D0ED670E}.Debug|Any CPU.ActiveCfg = Debug|Any CPU
		{D92341E7-6B28-4CDC-A024-A204D0ED670E}.Debug|Any CPU.Build.0 = Debug|Any CPU
		{D92341E7-6B28-4CDC-A024-A204D0ED670E}.Release|Any CPU.ActiveCfg = Release|Any CPU
		{D92341E7-6B28-4CDC-A024-A204D0ED670E}.Release|Any CPU.Build.0 = Release|Any CPU
		{BA702041-080D-459A-BCD1-37875D92C626}.Debug|Any CPU.ActiveCfg = Debug|Any CPU
		{BA702041-080D-459A-BCD1-37875D92C626}.Debug|Any CPU.Build.0 = Debug|Any CPU
		{BA702041-080D-459A-BCD1-37875D92C626}.Release|Any CPU.ActiveCfg = Release|Any CPU
		{BA702041-080D-459A-BCD1-37875D92C626}.Release|Any CPU.Build.0 = Release|Any CPU
		{AC816B2D-3B7D-49CC-8D71-2A19938087AF}.Debug|Any CPU.ActiveCfg = Debug|Any CPU
		{AC816B2D-3B7D-49CC-8D71-2A19938087AF}.Debug|Any CPU.Build.0 = Debug|Any CPU
		{AC816B2D-3B7D-49CC-8D71-2A19938087AF}.Release|Any CPU.ActiveCfg = Release|Any CPU
		{AC816B2D-3B7D-49CC-8D71-2A19938087AF}.Release|Any CPU.Build.0 = Release|Any CPU
		{ACC0224C-2469-451B-AA44-41530E9FF36F}.Debug|Any CPU.ActiveCfg = Debug|Any CPU
		{ACC0224C-2469-451B-AA44-41530E9FF36F}.Debug|Any CPU.Build.0 = Debug|Any CPU
		{ACC0224C-2469-451B-AA44-41530E9FF36F}.Release|Any CPU.ActiveCfg = Release|Any CPU
		{ACC0224C-2469-451B-AA44-41530E9FF36F}.Release|Any CPU.Build.0 = Release|Any CPU
		{007EB5A6-A379-4FC7-91E8-8232DFCEBE27}.Debug|Any CPU.ActiveCfg = Debug|Any CPU
		{007EB5A6-A379-4FC7-91E8-8232DFCEBE27}.Debug|Any CPU.Build.0 = Debug|Any CPU
		{007EB5A6-A379-4FC7-91E8-8232DFCEBE27}.Release|Any CPU.ActiveCfg = Release|Any CPU
		{007EB5A6-A379-4FC7-91E8-8232DFCEBE27}.Release|Any CPU.Build.0 = Release|Any CPU
		{E78561F2-234A-43BA-86B8-4F715C47BCD6}.Debug|Any CPU.ActiveCfg = Debug|Any CPU
		{E78561F2-234A-43BA-86B8-4F715C47BCD6}.Debug|Any CPU.Build.0 = Debug|Any CPU
		{E78561F2-234A-43BA-86B8-4F715C47BCD6}.Release|Any CPU.ActiveCfg = Release|Any CPU
		{E78561F2-234A-43BA-86B8-4F715C47BCD6}.Release|Any CPU.Build.0 = Release|Any CPU
		{E3E17CF0-2AB6-44C3-8F7D-9EDB5FD9F05E}.Debug|Any CPU.ActiveCfg = Debug|Any CPU
		{E3E17CF0-2AB6-44C3-8F7D-9EDB5FD9F05E}.Debug|Any CPU.Build.0 = Debug|Any CPU
		{E3E17CF0-2AB6-44C3-8F7D-9EDB5FD9F05E}.Release|Any CPU.ActiveCfg = Release|Any CPU
		{E3E17CF0-2AB6-44C3-8F7D-9EDB5FD9F05E}.Release|Any CPU.Build.0 = Release|Any CPU
		{0C8E2CDF-D18C-4AC0-9C1B-9B094132FCF9}.Debug|Any CPU.ActiveCfg = Debug|Any CPU
		{0C8E2CDF-D18C-4AC0-9C1B-9B094132FCF9}.Debug|Any CPU.Build.0 = Debug|Any CPU
		{0C8E2CDF-D18C-4AC0-9C1B-9B094132FCF9}.Release|Any CPU.ActiveCfg = Release|Any CPU
		{0C8E2CDF-D18C-4AC0-9C1B-9B094132FCF9}.Release|Any CPU.Build.0 = Release|Any CPU
		{5A237788-8E3F-43F4-AD8D-9D5696261F88}.Debug|Any CPU.ActiveCfg = Debug|Any CPU
		{5A237788-8E3F-43F4-AD8D-9D5696261F88}.Debug|Any CPU.Build.0 = Debug|Any CPU
		{5A237788-8E3F-43F4-AD8D-9D5696261F88}.Release|Any CPU.ActiveCfg = Release|Any CPU
		{5A237788-8E3F-43F4-AD8D-9D5696261F88}.Release|Any CPU.Build.0 = Release|Any CPU
		{57CD8C1A-81EA-4455-9834-9D1F28EA763A}.Debug|Any CPU.ActiveCfg = Debug|Any CPU
		{57CD8C1A-81EA-4455-9834-9D1F28EA763A}.Debug|Any CPU.Build.0 = Debug|Any CPU
		{57CD8C1A-81EA-4455-9834-9D1F28EA763A}.Release|Any CPU.ActiveCfg = Release|Any CPU
		{57CD8C1A-81EA-4455-9834-9D1F28EA763A}.Release|Any CPU.Build.0 = Release|Any CPU
		{75A35218-210C-40CF-8522-ED059D5CAD26}.Debug|Any CPU.ActiveCfg = Debug|Any CPU
		{75A35218-210C-40CF-8522-ED059D5CAD26}.Debug|Any CPU.Build.0 = Debug|Any CPU
		{75A35218-210C-40CF-8522-ED059D5CAD26}.Release|Any CPU.ActiveCfg = Release|Any CPU
		{75A35218-210C-40CF-8522-ED059D5CAD26}.Release|Any CPU.Build.0 = Release|Any CPU
		{15C1B963-2742-4DC8-9073-831DC1FDFC50}.Debug|Any CPU.ActiveCfg = Debug|Any CPU
		{15C1B963-2742-4DC8-9073-831DC1FDFC50}.Debug|Any CPU.Build.0 = Debug|Any CPU
		{15C1B963-2742-4DC8-9073-831DC1FDFC50}.Release|Any CPU.ActiveCfg = Release|Any CPU
		{15C1B963-2742-4DC8-9073-831DC1FDFC50}.Release|Any CPU.Build.0 = Release|Any CPU
		{38F22E95-BE7B-423D-9753-3D755AB69196}.Debug|Any CPU.ActiveCfg = Debug|Any CPU
		{38F22E95-BE7B-423D-9753-3D755AB69196}.Debug|Any CPU.Build.0 = Debug|Any CPU
		{38F22E95-BE7B-423D-9753-3D755AB69196}.Release|Any CPU.ActiveCfg = Release|Any CPU
		{38F22E95-BE7B-423D-9753-3D755AB69196}.Release|Any CPU.Build.0 = Release|Any CPU
		{EF3EE10A-DDC0-4609-B7C7-D8408FCAC067}.Debug|Any CPU.ActiveCfg = Debug|Any CPU
		{EF3EE10A-DDC0-4609-B7C7-D8408FCAC067}.Debug|Any CPU.Build.0 = Debug|Any CPU
		{EF3EE10A-DDC0-4609-B7C7-D8408FCAC067}.Release|Any CPU.ActiveCfg = Release|Any CPU
		{EF3EE10A-DDC0-4609-B7C7-D8408FCAC067}.Release|Any CPU.Build.0 = Release|Any CPU
		{B467A68D-4702-4D5E-8EA1-82E014A36706}.Debug|Any CPU.ActiveCfg = Debug|Any CPU
		{B467A68D-4702-4D5E-8EA1-82E014A36706}.Debug|Any CPU.Build.0 = Debug|Any CPU
		{B467A68D-4702-4D5E-8EA1-82E014A36706}.Release|Any CPU.ActiveCfg = Release|Any CPU
		{B467A68D-4702-4D5E-8EA1-82E014A36706}.Release|Any CPU.Build.0 = Release|Any CPU
		{E984BE1E-E9CE-42B0-B6B0-24526E43B58A}.Debug|Any CPU.ActiveCfg = Debug|Any CPU
		{E984BE1E-E9CE-42B0-B6B0-24526E43B58A}.Debug|Any CPU.Build.0 = Debug|Any CPU
		{E984BE1E-E9CE-42B0-B6B0-24526E43B58A}.Release|Any CPU.ActiveCfg = Release|Any CPU
		{E984BE1E-E9CE-42B0-B6B0-24526E43B58A}.Release|Any CPU.Build.0 = Release|Any CPU
		{C6179FC6-A6B9-46D1-B10B-3F51322D047C}.Debug|Any CPU.ActiveCfg = Debug|Any CPU
		{C6179FC6-A6B9-46D1-B10B-3F51322D047C}.Debug|Any CPU.Build.0 = Debug|Any CPU
		{C6179FC6-A6B9-46D1-B10B-3F51322D047C}.Release|Any CPU.ActiveCfg = Release|Any CPU
		{C6179FC6-A6B9-46D1-B10B-3F51322D047C}.Release|Any CPU.Build.0 = Release|Any CPU
		{F6A5E5C8-67AB-4013-A499-5120FB93BC28}.Debug|Any CPU.ActiveCfg = Debug|Any CPU
		{F6A5E5C8-67AB-4013-A499-5120FB93BC28}.Debug|Any CPU.Build.0 = Debug|Any CPU
		{F6A5E5C8-67AB-4013-A499-5120FB93BC28}.Release|Any CPU.ActiveCfg = Release|Any CPU
		{F6A5E5C8-67AB-4013-A499-5120FB93BC28}.Release|Any CPU.Build.0 = Release|Any CPU
		{74BE565E-F238-482C-9128-224A3277B0C1}.Debug|Any CPU.ActiveCfg = Debug|Any CPU
		{74BE565E-F238-482C-9128-224A3277B0C1}.Debug|Any CPU.Build.0 = Debug|Any CPU
		{74BE565E-F238-482C-9128-224A3277B0C1}.Release|Any CPU.ActiveCfg = Release|Any CPU
		{74BE565E-F238-482C-9128-224A3277B0C1}.Release|Any CPU.Build.0 = Release|Any CPU
		{0F234AD5-6EC6-4EC0-8914-AFEAD9D445CD}.Debug|Any CPU.ActiveCfg = Debug|Any CPU
		{0F234AD5-6EC6-4EC0-8914-AFEAD9D445CD}.Debug|Any CPU.Build.0 = Debug|Any CPU
		{0F234AD5-6EC6-4EC0-8914-AFEAD9D445CD}.Release|Any CPU.ActiveCfg = Release|Any CPU
		{0F234AD5-6EC6-4EC0-8914-AFEAD9D445CD}.Release|Any CPU.Build.0 = Release|Any CPU
		{6C5171CD-B1EE-4210-AD3D-F4A2AC084226}.Debug|Any CPU.ActiveCfg = Debug|Any CPU
		{6C5171CD-B1EE-4210-AD3D-F4A2AC084226}.Debug|Any CPU.Build.0 = Debug|Any CPU
		{6C5171CD-B1EE-4210-AD3D-F4A2AC084226}.Release|Any CPU.ActiveCfg = Release|Any CPU
		{6C5171CD-B1EE-4210-AD3D-F4A2AC084226}.Release|Any CPU.Build.0 = Release|Any CPU
		{1BC6B3EE-0157-482B-848F-0952BAAADCE9}.Debug|Any CPU.ActiveCfg = Debug|Any CPU
		{1BC6B3EE-0157-482B-848F-0952BAAADCE9}.Debug|Any CPU.Build.0 = Debug|Any CPU
		{1BC6B3EE-0157-482B-848F-0952BAAADCE9}.Release|Any CPU.ActiveCfg = Release|Any CPU
		{1BC6B3EE-0157-482B-848F-0952BAAADCE9}.Release|Any CPU.Build.0 = Release|Any CPU
		{2A471DFD-7B01-4B86-888D-C884B1B5271C}.Debug|Any CPU.ActiveCfg = Debug|Any CPU
		{2A471DFD-7B01-4B86-888D-C884B1B5271C}.Debug|Any CPU.Build.0 = Debug|Any CPU
		{2A471DFD-7B01-4B86-888D-C884B1B5271C}.Release|Any CPU.ActiveCfg = Release|Any CPU
		{2A471DFD-7B01-4B86-888D-C884B1B5271C}.Release|Any CPU.Build.0 = Release|Any CPU
		{BE09DE42-4B59-4A90-8ACC-1A410993BEC9}.Debug|Any CPU.ActiveCfg = Debug|Any CPU
		{BE09DE42-4B59-4A90-8ACC-1A410993BEC9}.Debug|Any CPU.Build.0 = Debug|Any CPU
		{BE09DE42-4B59-4A90-8ACC-1A410993BEC9}.Release|Any CPU.ActiveCfg = Release|Any CPU
		{BE09DE42-4B59-4A90-8ACC-1A410993BEC9}.Release|Any CPU.Build.0 = Release|Any CPU
	EndGlobalSection
	GlobalSection(SolutionProperties) = preSolution
		HideSolutionNode = FALSE
	EndGlobalSection
	GlobalSection(NestedProjects) = preSolution
		{5B21A78B-9BAA-4AC2-929D-3563B9D3C9FC} = {DC499E4A-694D-4532-98C5-DEE61AA57292}
		{7BAB262A-0F0A-4CFD-A642-4E643E619CB3} = {DC499E4A-694D-4532-98C5-DEE61AA57292}
		{6DE3E33E-0B13-4C57-8871-C83E1EEB8470} = {DC499E4A-694D-4532-98C5-DEE61AA57292}
		{D92341E7-6B28-4CDC-A024-A204D0ED670E} = {DC499E4A-694D-4532-98C5-DEE61AA57292}
		{BA702041-080D-459A-BCD1-37875D92C626} = {DC499E4A-694D-4532-98C5-DEE61AA57292}
		{AC816B2D-3B7D-49CC-8D71-2A19938087AF} = {DC499E4A-694D-4532-98C5-DEE61AA57292}
		{ACC0224C-2469-451B-AA44-41530E9FF36F} = {DC499E4A-694D-4532-98C5-DEE61AA57292}
		{D8ADDAFC-FCD5-4FF9-B9B4-876F2D0E02F1} = {DC499E4A-694D-4532-98C5-DEE61AA57292}
		{E78561F2-234A-43BA-86B8-4F715C47BCD6} = {D8ADDAFC-FCD5-4FF9-B9B4-876F2D0E02F1}
		{E3E17CF0-2AB6-44C3-8F7D-9EDB5FD9F05E} = {D8ADDAFC-FCD5-4FF9-B9B4-876F2D0E02F1}
		{0C8E2CDF-D18C-4AC0-9C1B-9B094132FCF9} = {82057471-4AB9-4CA1-BA1A-3CCF29B68056}
		{5A237788-8E3F-43F4-AD8D-9D5696261F88} = {82057471-4AB9-4CA1-BA1A-3CCF29B68056}
		{57CD8C1A-81EA-4455-9834-9D1F28EA763A} = {82057471-4AB9-4CA1-BA1A-3CCF29B68056}
		{75A35218-210C-40CF-8522-ED059D5CAD26} = {82057471-4AB9-4CA1-BA1A-3CCF29B68056}
		{15C1B963-2742-4DC8-9073-831DC1FDFC50} = {82057471-4AB9-4CA1-BA1A-3CCF29B68056}
		{38F22E95-BE7B-423D-9753-3D755AB69196} = {82057471-4AB9-4CA1-BA1A-3CCF29B68056}
		{EF3EE10A-DDC0-4609-B7C7-D8408FCAC067} = {82057471-4AB9-4CA1-BA1A-3CCF29B68056}
		{B467A68D-4702-4D5E-8EA1-82E014A36706} = {82057471-4AB9-4CA1-BA1A-3CCF29B68056}
		{E984BE1E-E9CE-42B0-B6B0-24526E43B58A} = {4E7B9AC1-32B4-475E-BED0-60727946603A}
		{C6179FC6-A6B9-46D1-B10B-3F51322D047C} = {4E7B9AC1-32B4-475E-BED0-60727946603A}
		{F6A5E5C8-67AB-4013-A499-5120FB93BC28} = {4E7B9AC1-32B4-475E-BED0-60727946603A}
	EndGlobalSection
EndGlobal
