
Microsoft Visual Studio Solution File, Format Version 12.00
# Visual Studio 14
VisualStudioVersion = 14.0.25420.1
MinimumVisualStudioVersion = 10.0.40219.1
Project("{2150E333-8FDC-42A3-9474-1A3956D46DE8}") = "Common", "Common", "{8D4E8F9C-D9A7-4B9E-B2F7-FE70F1D23F83}"
EndProject
Project("{2150E333-8FDC-42A3-9474-1A3956D46DE8}") = ".nuget", ".nuget", "{FA701FF3-CE41-447C-9703-F2AFA43A2DC5}"
	ProjectSection(SolutionItems) = preProject
		.nuget\nuget.config = .nuget\nuget.config
		.nuget\packages.config = .nuget\packages.config
	EndProjectSection
EndProject
Project("{2150E333-8FDC-42A3-9474-1A3956D46DE8}") = "Modules", "Modules", "{AB0201BC-9C43-4B4E-AE62-85D25708F51D}"
EndProject
Project("{2150E333-8FDC-42A3-9474-1A3956D46DE8}") = "Core", "Core", "{EFCD99E7-1F91-47A1-89A2-FCD68E8A82A4}"
EndProject
Project("{2150E333-8FDC-42A3-9474-1A3956D46DE8}") = "Apps", "Apps", "{74844B90-72B0-493A-9A2A-0CE4B08EE1CF}"
EndProject
Project("{2150E333-8FDC-42A3-9474-1A3956D46DE8}") = "Owin", "Owin", "{38F23520-AEA2-4B37-8B5E-0CAFF2139BB8}"
EndProject
Project("{2150E333-8FDC-42A3-9474-1A3956D46DE8}") = "TaskManager", "TaskManager", "{FAE9CBBF-F439-4269-9108-A2192E9B78BD}"
EndProject
Project("{2150E333-8FDC-42A3-9474-1A3956D46DE8}") = "HangFire", "HangFire", "{E92E49B4-E748-4D9E-B1BE-B66B24083C50}"
EndProject
Project("{2150E333-8FDC-42A3-9474-1A3956D46DE8}") = "Notification", "Notification", "{7D7BA99F-A64C-4EFF-91C5-1E7C5D0D048D}"
EndProject
Project("{2150E333-8FDC-42A3-9474-1A3956D46DE8}") = "Notifiers", "Notifiers", "{974A9F56-93A6-462D-B58E-706EA36DABC4}"
EndProject
Project("{FAE04EC0-301F-11D3-BF4B-00C04F79EFBC}") = "Saturn72.Common", "Common\Saturn72.Common\Saturn72.Common.csproj", "{6DE3E33E-0B13-4C57-8871-C83E1EEB8470}"
EndProject
Project("{FAE04EC0-301F-11D3-BF4B-00C04F79EFBC}") = "Saturn72.Core.Services.Impl", "Core\Saturn72.Core.Impl\Saturn72.Core.Services.Impl.csproj", "{BA702041-080D-459A-BCD1-37875D92C626}"
EndProject
Project("{FAE04EC0-301F-11D3-BF4B-00C04F79EFBC}") = "Saturn72.Core.Services", "Core\Saturn72.Core.Services\Saturn72.Core.Services.csproj", "{D92341E7-6B28-4CDC-A024-A204D0ED670E}"
EndProject
Project("{FAE04EC0-301F-11D3-BF4B-00C04F79EFBC}") = "Saturn72.Module.Owin", "Modules\Owin\Saturn72.Module.Owin\Saturn72.Module.Owin.csproj", "{23AF9C5A-A707-44A5-9D2F-83705BA2B570}"
EndProject
Project("{2150E333-8FDC-42A3-9474-1A3956D46DE8}") = "EntityFramework", "EntityFramework", "{0EA96BDE-6C1B-4148-AB43-C1A183FF4EE9}"
EndProject
Project("{FAE04EC0-301F-11D3-BF4B-00C04F79EFBC}") = "Saturn72.Module.EntityFramework", "Modules\EntityFramework\Saturn72.Module.EntityFramework\Saturn72.Module.EntityFramework.csproj", "{1B65300E-AE20-4CEB-AC57-0A0AE7ECBC87}"
EndProject
Project("{FAE04EC0-301F-11D3-BF4B-00C04F79EFBC}") = "Saturn72.Module.HangFire", "Modules\TaskManager\HangFire\Saturn72.Module.HangFire\Saturn72.Module.HangFire.csproj", "{DB140F85-8B5B-41DB-9965-FFE98BBD81C1}"
EndProject
Project("{FAE04EC0-301F-11D3-BF4B-00C04F79EFBC}") = "Saturn72.Module.HangFire.OwinAdapter", "Modules\TaskManager\HangFire\Saturn72.Module.HangFire.OwinAdapter\Saturn72.Module.HangFire.OwinAdapter.csproj", "{901D7969-58F0-4C06-A7AF-15A6F41CFA1B}"
EndProject
Project("{FAE04EC0-301F-11D3-BF4B-00C04F79EFBC}") = "Saturn72.Module.TaskManager", "Modules\TaskManager\Saturn72.Module.TaskManager\Saturn72.Module.TaskManager.csproj", "{FA1388F1-10C7-45AC-818E-D839D9E18698}"
EndProject
Project("{2150E333-8FDC-42A3-9474-1A3956D46DE8}") = "Ioc", "Ioc", "{CE01AC3C-8BFA-4892-851E-F9D327A7E3BB}"
EndProject
Project("{2150E333-8FDC-42A3-9474-1A3956D46DE8}") = "Autofac", "Autofac", "{B8E253D8-2879-4FDB-A78D-313C62274A63}"
EndProject
Project("{FAE04EC0-301F-11D3-BF4B-00C04F79EFBC}") = "Saturn72.Module.Ioc.Autofac", "Modules\Ioc\Autofac\Saturn72.Module.Ioc.Autofac\Saturn72.Module.Ioc.Autofac.csproj", "{E78561F2-234A-43BA-86B8-4F715C47BCD6}"
EndProject
Project("{FAE04EC0-301F-11D3-BF4B-00C04F79EFBC}") = "Saturn72.Module.Ioc.Autofac.Owin", "Modules\Ioc\Autofac\Saturn72.Module.Ioc.Autofac.Owin\Saturn72.Module.Ioc.Autofac.Owin.csproj", "{458D4A40-F0F8-409E-A9B0-6C6A5F5394B4}"
EndProject
Project("{FAE04EC0-301F-11D3-BF4B-00C04F79EFBC}") = "Saturn72.Module.Ioc.Autofac.Tests", "Modules\Ioc\Autofac\Saturn72.Module.Autofact.Tests\Saturn72.Module.Ioc.Autofac.Tests.csproj", "{E3E17CF0-2AB6-44C3-8F7D-9EDB5FD9F05E}"
EndProject
Project("{FAE04EC0-301F-11D3-BF4B-00C04F79EFBC}") = "Saturn72.Common.WebApi", "Common\Saturn72.Common.WebApi\Saturn72.Common.WebApi.csproj", "{71B3565D-1351-4978-9877-724E05103A08}"
EndProject
Project("{FAE04EC0-301F-11D3-BF4B-00C04F79EFBC}") = "Saturn72.Module.Tasks.NCrontabAdvanced", "Modules\TaskManager\Cron\Saturn72.Module.Tasks.NCrontabAdvanced\Saturn72.Module.Tasks.NCrontabAdvanced.csproj", "{D020D341-2EDB-4596-90F2-D392467DC436}"
EndProject
Project("{2150E333-8FDC-42A3-9474-1A3956D46DE8}") = "Cron", "Cron", "{5259C86B-6B20-4DC1-9FC7-3C4D755FE64E}"
EndProject
Project("{2150E333-8FDC-42A3-9474-1A3956D46DE8}") = "Tests", "Tests", "{4E26C893-5690-4CF0-81FF-2BA994FE43E9}"
EndProject
Project("{2150E333-8FDC-42A3-9474-1A3956D46DE8}") = "Common", "Common", "{57864055-6257-4B27-B198-090EB49E6BC6}"
EndProject
Project("{FAE04EC0-301F-11D3-BF4B-00C04F79EFBC}") = "Saturn72.Common.WebApi.Tests", "Tests\Common\Saturn72.Common.WebApi.Tests\Saturn72.Common.WebApi.Tests.csproj", "{CC574C46-499F-4EE4-9721-0BDC6DF8278A}"
EndProject
Project("{2150E333-8FDC-42A3-9474-1A3956D46DE8}") = "Core", "Core", "{DE7DCB83-A6C3-4707-AEE7-B436FBB7149E}"
EndProject
Project("{FAE04EC0-301F-11D3-BF4B-00C04F79EFBC}") = "Saturn72.Core.Tests", "Tests\Core\Saturn72.Core.Tests\Saturn72.Core.Tests.csproj", "{7BAB262A-0F0A-4CFD-A642-4E643E619CB3}"
EndProject
Project("{FAE04EC0-301F-11D3-BF4B-00C04F79EFBC}") = "Saturn72.Core.Services.Impl.Tests", "Tests\Core\Saturn72.Core.Services.Impl.Tests\Saturn72.Core.Services.Impl.Tests.csproj", "{AC816B2D-3B7D-49CC-8D71-2A19938087AF}"
EndProject
Project("{FAE04EC0-301F-11D3-BF4B-00C04F79EFBC}") = "Saturn72.Testing.Framework", "Tests\Saturn72.Testing.Framework\Saturn72.Testing.Framework.csproj", "{35969F7A-C0D0-486D-94CB-97A1F1C6B175}"
EndProject
Project("{FAE04EC0-301F-11D3-BF4B-00C04F79EFBC}") = "ThrowsException", "Tests\ThrowsException\ThrowsException.csproj", "{4985A29B-7495-470D-B66A-052A5CDC230D}"
EndProject
Project("{FAE04EC0-301F-11D3-BF4B-00C04F79EFBC}") = "Saturn72.Core", "Core\Saturn72.Core\Saturn72.Core.csproj", "{5B21A78B-9BAA-4AC2-929D-3563B9D3C9FC}"
EndProject
Project("{2150E333-8FDC-42A3-9474-1A3956D46DE8}") = "Tests", "Tests", "{68619837-3DB9-4D0D-A6B6-1661500037BB}"
EndProject
Project("{FAE04EC0-301F-11D3-BF4B-00C04F79EFBC}") = "Saturn72.Core.Services.Tests", "Tests\Core\Saturn72.Core.Services.Tests\Saturn72.Core.Services.Tests.csproj", "{ACC0224C-2469-451B-AA44-41530E9FF36F}"
EndProject
Project("{2150E333-8FDC-42A3-9474-1A3956D46DE8}") = "Security", "Security", "{4AE1B697-6B11-4102-9935-6AA295A4649A}"
EndProject
Project("{FAE04EC0-301F-11D3-BF4B-00C04F79EFBC}") = "Saturn72.Module.Secutiry.FileValidation", "Modules\Security\Saturn72.Module.Secutiry.FileValidation\Saturn72.Module.Secutiry.FileValidation.csproj", "{DE9AEC7C-9EE3-4DF0-8615-F2523B65911E}"
EndProject
Project("{FAE04EC0-301F-11D3-BF4B-00C04F79EFBC}") = "Saturn72.Module.Notification.EmailNotifier", "Modules\Notifications\Notifiers\Saturn72.Module.Notification.EmailNotifier\Saturn72.Module.Notification.EmailNotifier.csproj", "{977E107D-3F01-47CC-B2A1-A11F93AD0578}"
EndProject
Project("{FAE04EC0-301F-11D3-BF4B-00C04F79EFBC}") = "Saturn72.Module.Notification.EmailNotifier.Tests", "Modules\Notifications\Notifiers\Saturn72.Module.Notification.EmailNotifier.Tests\Saturn72.Module.Notification.EmailNotifier.Tests.csproj", "{4146E2DA-347E-4D6A-AB21-7BF1F544AEAE}"
EndProject
Project("{FAE04EC0-301F-11D3-BF4B-00C04F79EFBC}") = "Saturn72.Modules.NotificationManager", "Modules\Notifications\Saturn72.Modules.NotificationManager\Saturn72.Modules.NotificationManager.csproj", "{28F83079-F50A-403E-BDBC-642E649B9313}"
EndProject
Project("{FAE04EC0-301F-11D3-BF4B-00C04F79EFBC}") = "Saturn72.Module.Notification", "Modules\Notifications\Saturn72.Module.Notification\Saturn72.Module.Notification.csproj", "{655D430D-38BA-48AA-A40F-F417AA66E5DA}"
EndProject
Project("{FAE04EC0-301F-11D3-BF4B-00C04F79EFBC}") = "Titan.Framework", "Apps\Titan\Server\Titan.Framework\Titan.Framework.csproj", "{C0A77928-8710-40CD-A1C1-537D5F0BF2F9}"
EndProject
Project("{FAE04EC0-301F-11D3-BF4B-00C04F79EFBC}") = "Titan.WebApi", "Apps\Titan\Server\Titan.WebApi\Titan.WebApi.csproj", "{0D363DDA-A380-4A68-9049-FE72A77C18A8}"
EndProject
Project("{FAE04EC0-301F-11D3-BF4B-00C04F79EFBC}") = "Titan.WebApi.Tests", "Apps\Titan\Server\Tests\Titan.WebApi.Tests\Titan.WebApi.Tests.csproj", "{8D69FF8B-F092-4FA5-90AD-53BA2B750861}"
EndProject
Project("{2150E333-8FDC-42A3-9474-1A3956D46DE8}") = "Client", "Client", "{2A1718D1-F319-42D2-B04D-507F641BA33A}"
EndProject
Project("{FAE04EC0-301F-11D3-BF4B-00C04F79EFBC}") = "Titan.Server", "Apps\Titan\Server\Titan.Server\Titan.Server.csproj", "{D5426CD7-C0FF-40F3-9676-671D0A579578}"
EndProject
Project("{FAE04EC0-301F-11D3-BF4B-00C04F79EFBC}") = "Titan.Server.Tests", "Apps\Titan\Server\Tests\Titan.Server.Tests\Titan.Server.Tests.csproj", "{8DF3F2EC-46C9-44DA-B43A-B2F9DA589FB5}"
EndProject
Project("{00D1A9C2-B5F0-4AF3-8072-F6C62B433612}") = "Titan.DB", "Apps\Titan\Server\Titan.DB\Titan.DB.sqlproj", "{DF476516-D1A9-430D-BACF-991AC9167B3C}"
EndProject
Project("{FAE04EC0-301F-11D3-BF4B-00C04F79EFBC}") = "Titan.DB.Model", "Apps\Titan\Server\Titan.DB.Model\Titan.DB.Model.csproj", "{A538A131-8A6B-4800-ABC6-B24308466156}"
EndProject
Project("{FAE04EC0-301F-11D3-BF4B-00C04F79EFBC}") = "Titan.Common", "Apps\Titan\Server\Titan.Common\Titan.Common.csproj", "{F6671425-5641-4C37-AB65-3E188B731E2C}"
EndProject
Project("{2150E333-8FDC-42A3-9474-1A3956D46DE8}") = "Titan", "Titan", "{2D6FDCF1-042F-4CA6-9F53-A60D7AC699C0}"
EndProject
Project("{2150E333-8FDC-42A3-9474-1A3956D46DE8}") = "Tests", "Tests", "{F7E51EB2-261A-4603-A92A-1D2303B191A2}"
EndProject
Project("{FAE04EC0-301F-11D3-BF4B-00C04F79EFBC}") = "Titan.Server.App", "Apps\Titan\Server\Titan.Server.App\Titan.Server.App.csproj", "{74BABAF4-4B6E-4285-B4FA-B4EA58A18BC9}"
EndProject
Project("{FAE04EC0-301F-11D3-BF4B-00C04F79EFBC}") = "Titan.DB.Model.Tests", "Apps\Titan\Server\Tests\Titan.DB.Model.Tests\Titan.DB.Model.Tests.csproj", "{B39DBF8D-9E1F-4FD5-8172-3C5EAA857CA7}"
EndProject
Project("{FAE04EC0-301F-11D3-BF4B-00C04F79EFBC}") = "Titan.IntegrationTests", "Apps\Titan\Server\Tests\Titan.IntegrationTests\Titan.IntegrationTests.csproj", "{F43E82ED-5EFB-492F-ACA8-AF02C855D7DA}"
EndProject
Global
	GlobalSection(SolutionConfigurationPlatforms) = preSolution
		Debug|Any CPU = Debug|Any CPU
		Mimas_Debug|Any CPU = Mimas_Debug|Any CPU
		Release|Any CPU = Release|Any CPU
	EndGlobalSection
	GlobalSection(ProjectConfigurationPlatforms) = postSolution
		{6DE3E33E-0B13-4C57-8871-C83E1EEB8470}.Debug|Any CPU.ActiveCfg = Debug|Any CPU
		{6DE3E33E-0B13-4C57-8871-C83E1EEB8470}.Debug|Any CPU.Build.0 = Debug|Any CPU
		{6DE3E33E-0B13-4C57-8871-C83E1EEB8470}.Mimas_Debug|Any CPU.ActiveCfg = Mimas_Debug|Any CPU
		{6DE3E33E-0B13-4C57-8871-C83E1EEB8470}.Mimas_Debug|Any CPU.Build.0 = Mimas_Debug|Any CPU
		{6DE3E33E-0B13-4C57-8871-C83E1EEB8470}.Release|Any CPU.ActiveCfg = Release|Any CPU
		{6DE3E33E-0B13-4C57-8871-C83E1EEB8470}.Release|Any CPU.Build.0 = Release|Any CPU
		{BA702041-080D-459A-BCD1-37875D92C626}.Debug|Any CPU.ActiveCfg = Debug|Any CPU
		{BA702041-080D-459A-BCD1-37875D92C626}.Debug|Any CPU.Build.0 = Debug|Any CPU
		{BA702041-080D-459A-BCD1-37875D92C626}.Mimas_Debug|Any CPU.ActiveCfg = Mimas_Debug|Any CPU
		{BA702041-080D-459A-BCD1-37875D92C626}.Mimas_Debug|Any CPU.Build.0 = Mimas_Debug|Any CPU
		{BA702041-080D-459A-BCD1-37875D92C626}.Release|Any CPU.ActiveCfg = Release|Any CPU
		{BA702041-080D-459A-BCD1-37875D92C626}.Release|Any CPU.Build.0 = Release|Any CPU
		{D92341E7-6B28-4CDC-A024-A204D0ED670E}.Debug|Any CPU.ActiveCfg = Debug|Any CPU
		{D92341E7-6B28-4CDC-A024-A204D0ED670E}.Debug|Any CPU.Build.0 = Debug|Any CPU
		{D92341E7-6B28-4CDC-A024-A204D0ED670E}.Mimas_Debug|Any CPU.ActiveCfg = Mimas_Debug|Any CPU
		{D92341E7-6B28-4CDC-A024-A204D0ED670E}.Mimas_Debug|Any CPU.Build.0 = Mimas_Debug|Any CPU
		{D92341E7-6B28-4CDC-A024-A204D0ED670E}.Release|Any CPU.ActiveCfg = Release|Any CPU
		{D92341E7-6B28-4CDC-A024-A204D0ED670E}.Release|Any CPU.Build.0 = Release|Any CPU
		{23AF9C5A-A707-44A5-9D2F-83705BA2B570}.Debug|Any CPU.ActiveCfg = Debug|Any CPU
		{23AF9C5A-A707-44A5-9D2F-83705BA2B570}.Debug|Any CPU.Build.0 = Debug|Any CPU
		{23AF9C5A-A707-44A5-9D2F-83705BA2B570}.Mimas_Debug|Any CPU.ActiveCfg = Mimas_Debug|Any CPU
		{23AF9C5A-A707-44A5-9D2F-83705BA2B570}.Mimas_Debug|Any CPU.Build.0 = Mimas_Debug|Any CPU
		{23AF9C5A-A707-44A5-9D2F-83705BA2B570}.Release|Any CPU.ActiveCfg = Release|Any CPU
		{23AF9C5A-A707-44A5-9D2F-83705BA2B570}.Release|Any CPU.Build.0 = Release|Any CPU
		{1B65300E-AE20-4CEB-AC57-0A0AE7ECBC87}.Debug|Any CPU.ActiveCfg = Debug|Any CPU
		{1B65300E-AE20-4CEB-AC57-0A0AE7ECBC87}.Debug|Any CPU.Build.0 = Debug|Any CPU
		{1B65300E-AE20-4CEB-AC57-0A0AE7ECBC87}.Mimas_Debug|Any CPU.ActiveCfg = Mimas_Debug|Any CPU
		{1B65300E-AE20-4CEB-AC57-0A0AE7ECBC87}.Mimas_Debug|Any CPU.Build.0 = Mimas_Debug|Any CPU
		{1B65300E-AE20-4CEB-AC57-0A0AE7ECBC87}.Release|Any CPU.ActiveCfg = Release|Any CPU
		{1B65300E-AE20-4CEB-AC57-0A0AE7ECBC87}.Release|Any CPU.Build.0 = Release|Any CPU
		{DB140F85-8B5B-41DB-9965-FFE98BBD81C1}.Debug|Any CPU.ActiveCfg = Debug|Any CPU
		{DB140F85-8B5B-41DB-9965-FFE98BBD81C1}.Debug|Any CPU.Build.0 = Debug|Any CPU
		{DB140F85-8B5B-41DB-9965-FFE98BBD81C1}.Mimas_Debug|Any CPU.ActiveCfg = Mimas_Debug|Any CPU
		{DB140F85-8B5B-41DB-9965-FFE98BBD81C1}.Release|Any CPU.ActiveCfg = Release|Any CPU
		{DB140F85-8B5B-41DB-9965-FFE98BBD81C1}.Release|Any CPU.Build.0 = Release|Any CPU
		{901D7969-58F0-4C06-A7AF-15A6F41CFA1B}.Debug|Any CPU.ActiveCfg = Debug|Any CPU
		{901D7969-58F0-4C06-A7AF-15A6F41CFA1B}.Debug|Any CPU.Build.0 = Debug|Any CPU
		{901D7969-58F0-4C06-A7AF-15A6F41CFA1B}.Mimas_Debug|Any CPU.ActiveCfg = Mimas_Debug|Any CPU
		{901D7969-58F0-4C06-A7AF-15A6F41CFA1B}.Release|Any CPU.ActiveCfg = Release|Any CPU
		{901D7969-58F0-4C06-A7AF-15A6F41CFA1B}.Release|Any CPU.Build.0 = Release|Any CPU
		{FA1388F1-10C7-45AC-818E-D839D9E18698}.Debug|Any CPU.ActiveCfg = Debug|Any CPU
		{FA1388F1-10C7-45AC-818E-D839D9E18698}.Debug|Any CPU.Build.0 = Debug|Any CPU
		{FA1388F1-10C7-45AC-818E-D839D9E18698}.Mimas_Debug|Any CPU.ActiveCfg = Mimas_Debug|Any CPU
		{FA1388F1-10C7-45AC-818E-D839D9E18698}.Release|Any CPU.ActiveCfg = Release|Any CPU
		{FA1388F1-10C7-45AC-818E-D839D9E18698}.Release|Any CPU.Build.0 = Release|Any CPU
		{E78561F2-234A-43BA-86B8-4F715C47BCD6}.Debug|Any CPU.ActiveCfg = Debug|Any CPU
		{E78561F2-234A-43BA-86B8-4F715C47BCD6}.Debug|Any CPU.Build.0 = Debug|Any CPU
		{E78561F2-234A-43BA-86B8-4F715C47BCD6}.Mimas_Debug|Any CPU.ActiveCfg = Mimas_Debug|Any CPU
		{E78561F2-234A-43BA-86B8-4F715C47BCD6}.Mimas_Debug|Any CPU.Build.0 = Mimas_Debug|Any CPU
		{E78561F2-234A-43BA-86B8-4F715C47BCD6}.Release|Any CPU.ActiveCfg = Release|Any CPU
		{E78561F2-234A-43BA-86B8-4F715C47BCD6}.Release|Any CPU.Build.0 = Release|Any CPU
		{458D4A40-F0F8-409E-A9B0-6C6A5F5394B4}.Debug|Any CPU.ActiveCfg = Debug|Any CPU
		{458D4A40-F0F8-409E-A9B0-6C6A5F5394B4}.Debug|Any CPU.Build.0 = Debug|Any CPU
		{458D4A40-F0F8-409E-A9B0-6C6A5F5394B4}.Mimas_Debug|Any CPU.ActiveCfg = Mimas_Debug|Any CPU
		{458D4A40-F0F8-409E-A9B0-6C6A5F5394B4}.Mimas_Debug|Any CPU.Build.0 = Mimas_Debug|Any CPU
		{458D4A40-F0F8-409E-A9B0-6C6A5F5394B4}.Release|Any CPU.ActiveCfg = Release|Any CPU
		{458D4A40-F0F8-409E-A9B0-6C6A5F5394B4}.Release|Any CPU.Build.0 = Release|Any CPU
		{E3E17CF0-2AB6-44C3-8F7D-9EDB5FD9F05E}.Debug|Any CPU.ActiveCfg = Debug|Any CPU
		{E3E17CF0-2AB6-44C3-8F7D-9EDB5FD9F05E}.Debug|Any CPU.Build.0 = Debug|Any CPU
		{E3E17CF0-2AB6-44C3-8F7D-9EDB5FD9F05E}.Mimas_Debug|Any CPU.ActiveCfg = Mimas_Debug|Any CPU
		{E3E17CF0-2AB6-44C3-8F7D-9EDB5FD9F05E}.Mimas_Debug|Any CPU.Build.0 = Mimas_Debug|Any CPU
		{E3E17CF0-2AB6-44C3-8F7D-9EDB5FD9F05E}.Release|Any CPU.ActiveCfg = Release|Any CPU
		{E3E17CF0-2AB6-44C3-8F7D-9EDB5FD9F05E}.Release|Any CPU.Build.0 = Release|Any CPU
		{71B3565D-1351-4978-9877-724E05103A08}.Debug|Any CPU.ActiveCfg = Debug|Any CPU
		{71B3565D-1351-4978-9877-724E05103A08}.Debug|Any CPU.Build.0 = Debug|Any CPU
		{71B3565D-1351-4978-9877-724E05103A08}.Mimas_Debug|Any CPU.ActiveCfg = Mimas_Debug|Any CPU
		{71B3565D-1351-4978-9877-724E05103A08}.Mimas_Debug|Any CPU.Build.0 = Mimas_Debug|Any CPU
		{71B3565D-1351-4978-9877-724E05103A08}.Release|Any CPU.ActiveCfg = Release|Any CPU
		{71B3565D-1351-4978-9877-724E05103A08}.Release|Any CPU.Build.0 = Release|Any CPU
		{D020D341-2EDB-4596-90F2-D392467DC436}.Debug|Any CPU.ActiveCfg = Debug|Any CPU
		{D020D341-2EDB-4596-90F2-D392467DC436}.Debug|Any CPU.Build.0 = Debug|Any CPU
		{D020D341-2EDB-4596-90F2-D392467DC436}.Mimas_Debug|Any CPU.ActiveCfg = Mimas_Debug|Any CPU
		{D020D341-2EDB-4596-90F2-D392467DC436}.Release|Any CPU.ActiveCfg = Release|Any CPU
		{D020D341-2EDB-4596-90F2-D392467DC436}.Release|Any CPU.Build.0 = Release|Any CPU
		{CC574C46-499F-4EE4-9721-0BDC6DF8278A}.Debug|Any CPU.ActiveCfg = Debug|Any CPU
		{CC574C46-499F-4EE4-9721-0BDC6DF8278A}.Debug|Any CPU.Build.0 = Debug|Any CPU
		{CC574C46-499F-4EE4-9721-0BDC6DF8278A}.Mimas_Debug|Any CPU.ActiveCfg = Mimas_Debug|Any CPU
		{CC574C46-499F-4EE4-9721-0BDC6DF8278A}.Mimas_Debug|Any CPU.Build.0 = Mimas_Debug|Any CPU
		{CC574C46-499F-4EE4-9721-0BDC6DF8278A}.Release|Any CPU.ActiveCfg = Release|Any CPU
		{CC574C46-499F-4EE4-9721-0BDC6DF8278A}.Release|Any CPU.Build.0 = Release|Any CPU
		{7BAB262A-0F0A-4CFD-A642-4E643E619CB3}.Debug|Any CPU.ActiveCfg = Debug|Any CPU
		{7BAB262A-0F0A-4CFD-A642-4E643E619CB3}.Debug|Any CPU.Build.0 = Debug|Any CPU
		{7BAB262A-0F0A-4CFD-A642-4E643E619CB3}.Mimas_Debug|Any CPU.ActiveCfg = Mimas_Debug|Any CPU
		{7BAB262A-0F0A-4CFD-A642-4E643E619CB3}.Mimas_Debug|Any CPU.Build.0 = Mimas_Debug|Any CPU
		{7BAB262A-0F0A-4CFD-A642-4E643E619CB3}.Release|Any CPU.ActiveCfg = Release|Any CPU
		{7BAB262A-0F0A-4CFD-A642-4E643E619CB3}.Release|Any CPU.Build.0 = Release|Any CPU
		{AC816B2D-3B7D-49CC-8D71-2A19938087AF}.Debug|Any CPU.ActiveCfg = Debug|Any CPU
		{AC816B2D-3B7D-49CC-8D71-2A19938087AF}.Debug|Any CPU.Build.0 = Debug|Any CPU
		{AC816B2D-3B7D-49CC-8D71-2A19938087AF}.Mimas_Debug|Any CPU.ActiveCfg = Mimas_Debug|Any CPU
		{AC816B2D-3B7D-49CC-8D71-2A19938087AF}.Mimas_Debug|Any CPU.Build.0 = Mimas_Debug|Any CPU
		{AC816B2D-3B7D-49CC-8D71-2A19938087AF}.Release|Any CPU.ActiveCfg = Release|Any CPU
		{AC816B2D-3B7D-49CC-8D71-2A19938087AF}.Release|Any CPU.Build.0 = Release|Any CPU
		{35969F7A-C0D0-486D-94CB-97A1F1C6B175}.Debug|Any CPU.ActiveCfg = Debug|Any CPU
		{35969F7A-C0D0-486D-94CB-97A1F1C6B175}.Debug|Any CPU.Build.0 = Debug|Any CPU
		{35969F7A-C0D0-486D-94CB-97A1F1C6B175}.Mimas_Debug|Any CPU.ActiveCfg = Mimas_Debug|Any CPU
		{35969F7A-C0D0-486D-94CB-97A1F1C6B175}.Mimas_Debug|Any CPU.Build.0 = Mimas_Debug|Any CPU
		{35969F7A-C0D0-486D-94CB-97A1F1C6B175}.Release|Any CPU.ActiveCfg = Release|Any CPU
		{35969F7A-C0D0-486D-94CB-97A1F1C6B175}.Release|Any CPU.Build.0 = Release|Any CPU
		{4985A29B-7495-470D-B66A-052A5CDC230D}.Debug|Any CPU.ActiveCfg = Debug|Any CPU
		{4985A29B-7495-470D-B66A-052A5CDC230D}.Mimas_Debug|Any CPU.ActiveCfg = Mimas_Debug|Any CPU
		{4985A29B-7495-470D-B66A-052A5CDC230D}.Release|Any CPU.ActiveCfg = Release|Any CPU
		{5B21A78B-9BAA-4AC2-929D-3563B9D3C9FC}.Debug|Any CPU.ActiveCfg = Debug|Any CPU
		{5B21A78B-9BAA-4AC2-929D-3563B9D3C9FC}.Debug|Any CPU.Build.0 = Debug|Any CPU
		{5B21A78B-9BAA-4AC2-929D-3563B9D3C9FC}.Mimas_Debug|Any CPU.ActiveCfg = Mimas_Debug|Any CPU
		{5B21A78B-9BAA-4AC2-929D-3563B9D3C9FC}.Mimas_Debug|Any CPU.Build.0 = Mimas_Debug|Any CPU
		{5B21A78B-9BAA-4AC2-929D-3563B9D3C9FC}.Release|Any CPU.ActiveCfg = Release|Any CPU
		{5B21A78B-9BAA-4AC2-929D-3563B9D3C9FC}.Release|Any CPU.Build.0 = Release|Any CPU
		{ACC0224C-2469-451B-AA44-41530E9FF36F}.Debug|Any CPU.ActiveCfg = Debug|Any CPU
		{ACC0224C-2469-451B-AA44-41530E9FF36F}.Debug|Any CPU.Build.0 = Debug|Any CPU
		{ACC0224C-2469-451B-AA44-41530E9FF36F}.Mimas_Debug|Any CPU.ActiveCfg = Mimas_Debug|Any CPU
		{ACC0224C-2469-451B-AA44-41530E9FF36F}.Mimas_Debug|Any CPU.Build.0 = Mimas_Debug|Any CPU
		{ACC0224C-2469-451B-AA44-41530E9FF36F}.Release|Any CPU.ActiveCfg = Release|Any CPU
		{ACC0224C-2469-451B-AA44-41530E9FF36F}.Release|Any CPU.Build.0 = Release|Any CPU
		{DE9AEC7C-9EE3-4DF0-8615-F2523B65911E}.Debug|Any CPU.ActiveCfg = Debug|Any CPU
		{DE9AEC7C-9EE3-4DF0-8615-F2523B65911E}.Debug|Any CPU.Build.0 = Debug|Any CPU
		{DE9AEC7C-9EE3-4DF0-8615-F2523B65911E}.Mimas_Debug|Any CPU.ActiveCfg = Mimas_Debug|Any CPU
		{DE9AEC7C-9EE3-4DF0-8615-F2523B65911E}.Mimas_Debug|Any CPU.Build.0 = Mimas_Debug|Any CPU
		{DE9AEC7C-9EE3-4DF0-8615-F2523B65911E}.Release|Any CPU.ActiveCfg = Release|Any CPU
		{DE9AEC7C-9EE3-4DF0-8615-F2523B65911E}.Release|Any CPU.Build.0 = Release|Any CPU
		{977E107D-3F01-47CC-B2A1-A11F93AD0578}.Debug|Any CPU.ActiveCfg = Debug|Any CPU
		{977E107D-3F01-47CC-B2A1-A11F93AD0578}.Debug|Any CPU.Build.0 = Debug|Any CPU
		{977E107D-3F01-47CC-B2A1-A11F93AD0578}.Mimas_Debug|Any CPU.ActiveCfg = Mimas_Debug|Any CPU
		{977E107D-3F01-47CC-B2A1-A11F93AD0578}.Mimas_Debug|Any CPU.Build.0 = Mimas_Debug|Any CPU
		{977E107D-3F01-47CC-B2A1-A11F93AD0578}.Release|Any CPU.ActiveCfg = Release|Any CPU
		{977E107D-3F01-47CC-B2A1-A11F93AD0578}.Release|Any CPU.Build.0 = Release|Any CPU
		{4146E2DA-347E-4D6A-AB21-7BF1F544AEAE}.Debug|Any CPU.ActiveCfg = Debug|Any CPU
		{4146E2DA-347E-4D6A-AB21-7BF1F544AEAE}.Debug|Any CPU.Build.0 = Debug|Any CPU
		{4146E2DA-347E-4D6A-AB21-7BF1F544AEAE}.Mimas_Debug|Any CPU.ActiveCfg = Mimas_Debug|Any CPU
		{4146E2DA-347E-4D6A-AB21-7BF1F544AEAE}.Mimas_Debug|Any CPU.Build.0 = Mimas_Debug|Any CPU
		{4146E2DA-347E-4D6A-AB21-7BF1F544AEAE}.Release|Any CPU.ActiveCfg = Release|Any CPU
		{4146E2DA-347E-4D6A-AB21-7BF1F544AEAE}.Release|Any CPU.Build.0 = Release|Any CPU
		{28F83079-F50A-403E-BDBC-642E649B9313}.Debug|Any CPU.ActiveCfg = Debug|Any CPU
		{28F83079-F50A-403E-BDBC-642E649B9313}.Debug|Any CPU.Build.0 = Debug|Any CPU
		{28F83079-F50A-403E-BDBC-642E649B9313}.Mimas_Debug|Any CPU.ActiveCfg = Mimas_Debug|Any CPU
		{28F83079-F50A-403E-BDBC-642E649B9313}.Mimas_Debug|Any CPU.Build.0 = Mimas_Debug|Any CPU
		{28F83079-F50A-403E-BDBC-642E649B9313}.Release|Any CPU.ActiveCfg = Release|Any CPU
		{28F83079-F50A-403E-BDBC-642E649B9313}.Release|Any CPU.Build.0 = Release|Any CPU
		{655D430D-38BA-48AA-A40F-F417AA66E5DA}.Debug|Any CPU.ActiveCfg = Debug|Any CPU
		{655D430D-38BA-48AA-A40F-F417AA66E5DA}.Debug|Any CPU.Build.0 = Debug|Any CPU
		{655D430D-38BA-48AA-A40F-F417AA66E5DA}.Mimas_Debug|Any CPU.ActiveCfg = Mimas_Debug|Any CPU
		{655D430D-38BA-48AA-A40F-F417AA66E5DA}.Mimas_Debug|Any CPU.Build.0 = Mimas_Debug|Any CPU
		{655D430D-38BA-48AA-A40F-F417AA66E5DA}.Release|Any CPU.ActiveCfg = Release|Any CPU
		{655D430D-38BA-48AA-A40F-F417AA66E5DA}.Release|Any CPU.Build.0 = Release|Any CPU
		{C0A77928-8710-40CD-A1C1-537D5F0BF2F9}.Debug|Any CPU.ActiveCfg = Debug|Any CPU
		{C0A77928-8710-40CD-A1C1-537D5F0BF2F9}.Debug|Any CPU.Build.0 = Debug|Any CPU
		{C0A77928-8710-40CD-A1C1-537D5F0BF2F9}.Mimas_Debug|Any CPU.ActiveCfg = Debug|Any CPU
		{C0A77928-8710-40CD-A1C1-537D5F0BF2F9}.Mimas_Debug|Any CPU.Build.0 = Debug|Any CPU
		{C0A77928-8710-40CD-A1C1-537D5F0BF2F9}.Release|Any CPU.ActiveCfg = Release|Any CPU
		{C0A77928-8710-40CD-A1C1-537D5F0BF2F9}.Release|Any CPU.Build.0 = Release|Any CPU
		{0D363DDA-A380-4A68-9049-FE72A77C18A8}.Debug|Any CPU.ActiveCfg = Debug|Any CPU
		{0D363DDA-A380-4A68-9049-FE72A77C18A8}.Debug|Any CPU.Build.0 = Debug|Any CPU
		{0D363DDA-A380-4A68-9049-FE72A77C18A8}.Mimas_Debug|Any CPU.ActiveCfg = Debug|Any CPU
		{0D363DDA-A380-4A68-9049-FE72A77C18A8}.Mimas_Debug|Any CPU.Build.0 = Debug|Any CPU
		{0D363DDA-A380-4A68-9049-FE72A77C18A8}.Release|Any CPU.ActiveCfg = Release|Any CPU
		{0D363DDA-A380-4A68-9049-FE72A77C18A8}.Release|Any CPU.Build.0 = Release|Any CPU
		{8D69FF8B-F092-4FA5-90AD-53BA2B750861}.Debug|Any CPU.ActiveCfg = Debug|Any CPU
		{8D69FF8B-F092-4FA5-90AD-53BA2B750861}.Debug|Any CPU.Build.0 = Debug|Any CPU
		{8D69FF8B-F092-4FA5-90AD-53BA2B750861}.Mimas_Debug|Any CPU.ActiveCfg = Debug|Any CPU
		{8D69FF8B-F092-4FA5-90AD-53BA2B750861}.Mimas_Debug|Any CPU.Build.0 = Debug|Any CPU
		{8D69FF8B-F092-4FA5-90AD-53BA2B750861}.Release|Any CPU.ActiveCfg = Release|Any CPU
		{8D69FF8B-F092-4FA5-90AD-53BA2B750861}.Release|Any CPU.Build.0 = Release|Any CPU
		{D5426CD7-C0FF-40F3-9676-671D0A579578}.Debug|Any CPU.ActiveCfg = Debug|Any CPU
		{D5426CD7-C0FF-40F3-9676-671D0A579578}.Debug|Any CPU.Build.0 = Debug|Any CPU
		{D5426CD7-C0FF-40F3-9676-671D0A579578}.Mimas_Debug|Any CPU.ActiveCfg = Debug|Any CPU
		{D5426CD7-C0FF-40F3-9676-671D0A579578}.Mimas_Debug|Any CPU.Build.0 = Debug|Any CPU
		{D5426CD7-C0FF-40F3-9676-671D0A579578}.Release|Any CPU.ActiveCfg = Release|Any CPU
		{D5426CD7-C0FF-40F3-9676-671D0A579578}.Release|Any CPU.Build.0 = Release|Any CPU
		{8DF3F2EC-46C9-44DA-B43A-B2F9DA589FB5}.Debug|Any CPU.ActiveCfg = Debug|Any CPU
		{8DF3F2EC-46C9-44DA-B43A-B2F9DA589FB5}.Debug|Any CPU.Build.0 = Debug|Any CPU
		{8DF3F2EC-46C9-44DA-B43A-B2F9DA589FB5}.Mimas_Debug|Any CPU.ActiveCfg = Debug|Any CPU
		{8DF3F2EC-46C9-44DA-B43A-B2F9DA589FB5}.Mimas_Debug|Any CPU.Build.0 = Debug|Any CPU
		{8DF3F2EC-46C9-44DA-B43A-B2F9DA589FB5}.Release|Any CPU.ActiveCfg = Release|Any CPU
		{8DF3F2EC-46C9-44DA-B43A-B2F9DA589FB5}.Release|Any CPU.Build.0 = Release|Any CPU
		{DF476516-D1A9-430D-BACF-991AC9167B3C}.Debug|Any CPU.ActiveCfg = Debug|Any CPU
		{DF476516-D1A9-430D-BACF-991AC9167B3C}.Debug|Any CPU.Build.0 = Debug|Any CPU
		{DF476516-D1A9-430D-BACF-991AC9167B3C}.Debug|Any CPU.Deploy.0 = Debug|Any CPU
		{DF476516-D1A9-430D-BACF-991AC9167B3C}.Mimas_Debug|Any CPU.ActiveCfg = Debug|Any CPU
		{DF476516-D1A9-430D-BACF-991AC9167B3C}.Mimas_Debug|Any CPU.Build.0 = Debug|Any CPU
		{DF476516-D1A9-430D-BACF-991AC9167B3C}.Mimas_Debug|Any CPU.Deploy.0 = Debug|Any CPU
		{DF476516-D1A9-430D-BACF-991AC9167B3C}.Release|Any CPU.ActiveCfg = Release|Any CPU
		{DF476516-D1A9-430D-BACF-991AC9167B3C}.Release|Any CPU.Build.0 = Release|Any CPU
		{DF476516-D1A9-430D-BACF-991AC9167B3C}.Release|Any CPU.Deploy.0 = Release|Any CPU
		{A538A131-8A6B-4800-ABC6-B24308466156}.Debug|Any CPU.ActiveCfg = Debug|Any CPU
		{A538A131-8A6B-4800-ABC6-B24308466156}.Debug|Any CPU.Build.0 = Debug|Any CPU
		{A538A131-8A6B-4800-ABC6-B24308466156}.Mimas_Debug|Any CPU.ActiveCfg = Debug|Any CPU
		{A538A131-8A6B-4800-ABC6-B24308466156}.Mimas_Debug|Any CPU.Build.0 = Debug|Any CPU
		{A538A131-8A6B-4800-ABC6-B24308466156}.Release|Any CPU.ActiveCfg = Release|Any CPU
		{A538A131-8A6B-4800-ABC6-B24308466156}.Release|Any CPU.Build.0 = Release|Any CPU
		{F6671425-5641-4C37-AB65-3E188B731E2C}.Debug|Any CPU.ActiveCfg = Debug|Any CPU
		{F6671425-5641-4C37-AB65-3E188B731E2C}.Debug|Any CPU.Build.0 = Debug|Any CPU
		{F6671425-5641-4C37-AB65-3E188B731E2C}.Mimas_Debug|Any CPU.ActiveCfg = Debug|Any CPU
		{F6671425-5641-4C37-AB65-3E188B731E2C}.Mimas_Debug|Any CPU.Build.0 = Debug|Any CPU
		{F6671425-5641-4C37-AB65-3E188B731E2C}.Release|Any CPU.ActiveCfg = Release|Any CPU
		{F6671425-5641-4C37-AB65-3E188B731E2C}.Release|Any CPU.Build.0 = Release|Any CPU
		{74BABAF4-4B6E-4285-B4FA-B4EA58A18BC9}.Debug|Any CPU.ActiveCfg = Debug|Any CPU
		{74BABAF4-4B6E-4285-B4FA-B4EA58A18BC9}.Debug|Any CPU.Build.0 = Debug|Any CPU
		{74BABAF4-4B6E-4285-B4FA-B4EA58A18BC9}.Mimas_Debug|Any CPU.ActiveCfg = Debug|Any CPU
		{74BABAF4-4B6E-4285-B4FA-B4EA58A18BC9}.Mimas_Debug|Any CPU.Build.0 = Debug|Any CPU
		{74BABAF4-4B6E-4285-B4FA-B4EA58A18BC9}.Release|Any CPU.ActiveCfg = Release|Any CPU
		{74BABAF4-4B6E-4285-B4FA-B4EA58A18BC9}.Release|Any CPU.Build.0 = Release|Any CPU
		{B39DBF8D-9E1F-4FD5-8172-3C5EAA857CA7}.Debug|Any CPU.ActiveCfg = Debug|Any CPU
		{B39DBF8D-9E1F-4FD5-8172-3C5EAA857CA7}.Debug|Any CPU.Build.0 = Debug|Any CPU
		{B39DBF8D-9E1F-4FD5-8172-3C5EAA857CA7}.Mimas_Debug|Any CPU.ActiveCfg = Debug|Any CPU
		{B39DBF8D-9E1F-4FD5-8172-3C5EAA857CA7}.Mimas_Debug|Any CPU.Build.0 = Debug|Any CPU
		{B39DBF8D-9E1F-4FD5-8172-3C5EAA857CA7}.Release|Any CPU.ActiveCfg = Release|Any CPU
		{B39DBF8D-9E1F-4FD5-8172-3C5EAA857CA7}.Release|Any CPU.Build.0 = Release|Any CPU
		{F43E82ED-5EFB-492F-ACA8-AF02C855D7DA}.Debug|Any CPU.ActiveCfg = Debug|Any CPU
		{F43E82ED-5EFB-492F-ACA8-AF02C855D7DA}.Debug|Any CPU.Build.0 = Debug|Any CPU
		{F43E82ED-5EFB-492F-ACA8-AF02C855D7DA}.Mimas_Debug|Any CPU.ActiveCfg = Debug|Any CPU
		{F43E82ED-5EFB-492F-ACA8-AF02C855D7DA}.Mimas_Debug|Any CPU.Build.0 = Debug|Any CPU
		{F43E82ED-5EFB-492F-ACA8-AF02C855D7DA}.Release|Any CPU.ActiveCfg = Release|Any CPU
		{F43E82ED-5EFB-492F-ACA8-AF02C855D7DA}.Release|Any CPU.Build.0 = Release|Any CPU
	EndGlobalSection
	GlobalSection(SolutionProperties) = preSolution
		HideSolutionNode = FALSE
	EndGlobalSection
	GlobalSection(NestedProjects) = preSolution
		{38F23520-AEA2-4B37-8B5E-0CAFF2139BB8} = {AB0201BC-9C43-4B4E-AE62-85D25708F51D}
		{FAE9CBBF-F439-4269-9108-A2192E9B78BD} = {AB0201BC-9C43-4B4E-AE62-85D25708F51D}
		{E92E49B4-E748-4D9E-B1BE-B66B24083C50} = {FAE9CBBF-F439-4269-9108-A2192E9B78BD}
		{7D7BA99F-A64C-4EFF-91C5-1E7C5D0D048D} = {AB0201BC-9C43-4B4E-AE62-85D25708F51D}
		{974A9F56-93A6-462D-B58E-706EA36DABC4} = {7D7BA99F-A64C-4EFF-91C5-1E7C5D0D048D}
		{6DE3E33E-0B13-4C57-8871-C83E1EEB8470} = {8D4E8F9C-D9A7-4B9E-B2F7-FE70F1D23F83}
		{BA702041-080D-459A-BCD1-37875D92C626} = {EFCD99E7-1F91-47A1-89A2-FCD68E8A82A4}
		{D92341E7-6B28-4CDC-A024-A204D0ED670E} = {EFCD99E7-1F91-47A1-89A2-FCD68E8A82A4}
		{23AF9C5A-A707-44A5-9D2F-83705BA2B570} = {38F23520-AEA2-4B37-8B5E-0CAFF2139BB8}
		{0EA96BDE-6C1B-4148-AB43-C1A183FF4EE9} = {AB0201BC-9C43-4B4E-AE62-85D25708F51D}
		{1B65300E-AE20-4CEB-AC57-0A0AE7ECBC87} = {0EA96BDE-6C1B-4148-AB43-C1A183FF4EE9}
		{DB140F85-8B5B-41DB-9965-FFE98BBD81C1} = {E92E49B4-E748-4D9E-B1BE-B66B24083C50}
		{901D7969-58F0-4C06-A7AF-15A6F41CFA1B} = {E92E49B4-E748-4D9E-B1BE-B66B24083C50}
		{FA1388F1-10C7-45AC-818E-D839D9E18698} = {FAE9CBBF-F439-4269-9108-A2192E9B78BD}
		{CE01AC3C-8BFA-4892-851E-F9D327A7E3BB} = {AB0201BC-9C43-4B4E-AE62-85D25708F51D}
		{B8E253D8-2879-4FDB-A78D-313C62274A63} = {CE01AC3C-8BFA-4892-851E-F9D327A7E3BB}
		{E78561F2-234A-43BA-86B8-4F715C47BCD6} = {B8E253D8-2879-4FDB-A78D-313C62274A63}
		{458D4A40-F0F8-409E-A9B0-6C6A5F5394B4} = {B8E253D8-2879-4FDB-A78D-313C62274A63}
		{E3E17CF0-2AB6-44C3-8F7D-9EDB5FD9F05E} = {B8E253D8-2879-4FDB-A78D-313C62274A63}
		{71B3565D-1351-4978-9877-724E05103A08} = {8D4E8F9C-D9A7-4B9E-B2F7-FE70F1D23F83}
		{D020D341-2EDB-4596-90F2-D392467DC436} = {5259C86B-6B20-4DC1-9FC7-3C4D755FE64E}
		{5259C86B-6B20-4DC1-9FC7-3C4D755FE64E} = {FAE9CBBF-F439-4269-9108-A2192E9B78BD}
		{57864055-6257-4B27-B198-090EB49E6BC6} = {4E26C893-5690-4CF0-81FF-2BA994FE43E9}
		{CC574C46-499F-4EE4-9721-0BDC6DF8278A} = {57864055-6257-4B27-B198-090EB49E6BC6}
		{DE7DCB83-A6C3-4707-AEE7-B436FBB7149E} = {4E26C893-5690-4CF0-81FF-2BA994FE43E9}
		{7BAB262A-0F0A-4CFD-A642-4E643E619CB3} = {DE7DCB83-A6C3-4707-AEE7-B436FBB7149E}
		{AC816B2D-3B7D-49CC-8D71-2A19938087AF} = {DE7DCB83-A6C3-4707-AEE7-B436FBB7149E}
		{35969F7A-C0D0-486D-94CB-97A1F1C6B175} = {4E26C893-5690-4CF0-81FF-2BA994FE43E9}
		{4985A29B-7495-470D-B66A-052A5CDC230D} = {4E26C893-5690-4CF0-81FF-2BA994FE43E9}
		{5B21A78B-9BAA-4AC2-929D-3563B9D3C9FC} = {EFCD99E7-1F91-47A1-89A2-FCD68E8A82A4}
		{68619837-3DB9-4D0D-A6B6-1661500037BB} = {7D7BA99F-A64C-4EFF-91C5-1E7C5D0D048D}
		{ACC0224C-2469-451B-AA44-41530E9FF36F} = {DE7DCB83-A6C3-4707-AEE7-B436FBB7149E}
		{4AE1B697-6B11-4102-9935-6AA295A4649A} = {AB0201BC-9C43-4B4E-AE62-85D25708F51D}
		{DE9AEC7C-9EE3-4DF0-8615-F2523B65911E} = {4AE1B697-6B11-4102-9935-6AA295A4649A}
		{977E107D-3F01-47CC-B2A1-A11F93AD0578} = {974A9F56-93A6-462D-B58E-706EA36DABC4}
		{4146E2DA-347E-4D6A-AB21-7BF1F544AEAE} = {974A9F56-93A6-462D-B58E-706EA36DABC4}
		{28F83079-F50A-403E-BDBC-642E649B9313} = {7D7BA99F-A64C-4EFF-91C5-1E7C5D0D048D}
		{655D430D-38BA-48AA-A40F-F417AA66E5DA} = {7D7BA99F-A64C-4EFF-91C5-1E7C5D0D048D}
		{C0A77928-8710-40CD-A1C1-537D5F0BF2F9} = {2D6FDCF1-042F-4CA6-9F53-A60D7AC699C0}
		{0D363DDA-A380-4A68-9049-FE72A77C18A8} = {2D6FDCF1-042F-4CA6-9F53-A60D7AC699C0}
		{8D69FF8B-F092-4FA5-90AD-53BA2B750861} = {F7E51EB2-261A-4603-A92A-1D2303B191A2}
		{D5426CD7-C0FF-40F3-9676-671D0A579578} = {2D6FDCF1-042F-4CA6-9F53-A60D7AC699C0}
		{8DF3F2EC-46C9-44DA-B43A-B2F9DA589FB5} = {F7E51EB2-261A-4603-A92A-1D2303B191A2}
		{DF476516-D1A9-430D-BACF-991AC9167B3C} = {2D6FDCF1-042F-4CA6-9F53-A60D7AC699C0}
		{A538A131-8A6B-4800-ABC6-B24308466156} = {2D6FDCF1-042F-4CA6-9F53-A60D7AC699C0}
		{F6671425-5641-4C37-AB65-3E188B731E2C} = {2D6FDCF1-042F-4CA6-9F53-A60D7AC699C0}
		{2D6FDCF1-042F-4CA6-9F53-A60D7AC699C0} = {74844B90-72B0-493A-9A2A-0CE4B08EE1CF}
		{F7E51EB2-261A-4603-A92A-1D2303B191A2} = {2D6FDCF1-042F-4CA6-9F53-A60D7AC699C0}
		{74BABAF4-4B6E-4285-B4FA-B4EA58A18BC9} = {2D6FDCF1-042F-4CA6-9F53-A60D7AC699C0}
		{B39DBF8D-9E1F-4FD5-8172-3C5EAA857CA7} = {F7E51EB2-261A-4603-A92A-1D2303B191A2}
		{F43E82ED-5EFB-492F-ACA8-AF02C855D7DA} = {F7E51EB2-261A-4603-A92A-1D2303B191A2}
	EndGlobalSection
EndGlobal
